
<<<<<<< HEAD
Microsoft Visual Studio Solution File, Format Version 12.00
# Visual Studio 15
Project("{FAE04EC0-301F-11D3-BF4B-00C04F79EFBC}") = "Assembly-CSharp", "Assembly-CSharp.csproj", "{49AF167A-758B-2E60-43CB-7871047D607D}"
=======
Microsoft Visual Studio Solution File, Format Version 11.00
# Visual Studio 2010
Project("{FAE04EC0-301F-11D3-BF4B-00C04F79EFBC}") = "Assembly-CSharp", "Assembly-CSharp.csproj", "{7a16af49-8b75-602e-43cb-7871047d607d}"
>>>>>>> 2fb8c07ebe64bd09e999903e4a520a921abe876a
EndProject
Global
	GlobalSection(SolutionConfigurationPlatforms) = preSolution
		Debug|Any CPU = Debug|Any CPU
		Release|Any CPU = Release|Any CPU
	EndGlobalSection
	GlobalSection(ProjectConfigurationPlatforms) = postSolution
<<<<<<< HEAD
		{49AF167A-758B-2E60-43CB-7871047D607D}.Debug|Any CPU.ActiveCfg = Debug|Any CPU
		{49AF167A-758B-2E60-43CB-7871047D607D}.Debug|Any CPU.Build.0 = Debug|Any CPU
		{49AF167A-758B-2E60-43CB-7871047D607D}.Release|Any CPU.ActiveCfg = Release|Any CPU
		{49AF167A-758B-2E60-43CB-7871047D607D}.Release|Any CPU.Build.0 = Release|Any CPU
=======
		{7a16af49-8b75-602e-43cb-7871047d607d}.Debug|Any CPU.ActiveCfg = Debug|Any CPU
		{7a16af49-8b75-602e-43cb-7871047d607d}.Debug|Any CPU.Build.0 = Debug|Any CPU
		{7a16af49-8b75-602e-43cb-7871047d607d}.Release|Any CPU.ActiveCfg = Release|Any CPU
		{7a16af49-8b75-602e-43cb-7871047d607d}.Release|Any CPU.Build.0 = Release|Any CPU
>>>>>>> 2fb8c07ebe64bd09e999903e4a520a921abe876a
	EndGlobalSection
	GlobalSection(SolutionProperties) = preSolution
		HideSolutionNode = FALSE
	EndGlobalSection
EndGlobal
